<?xml version="1.0" encoding="utf-8"?>
<Project ToolsVersion="4.0" xmlns="http://schemas.microsoft.com/developer/msbuild/2003">
  <ItemGroup>
    <Filter Include="源文件">
      <UniqueIdentifier>{4FC737F1-C7A5-4376-A066-2A32D752A2FF}</UniqueIdentifier>
      <Extensions>cpp;c;cc;cxx;def;odl;idl;hpj;bat;asm;asmx</Extensions>
    </Filter>
    <Filter Include="头文件">
      <UniqueIdentifier>{93995380-89BD-4b04-88EB-625FBE52EBFB}</UniqueIdentifier>
      <Extensions>h;hh;hpp;hxx;hm;inl;inc;xsd</Extensions>
    </Filter>
  </ItemGroup>
  <ItemGroup>
    <ClInclude Include="..\..\server\codes\world\inc\DataChunk.h">
      <Filter>头文件</Filter>
    </ClInclude>
    <ClInclude Include="..\..\server\codes\world\inc\dbProxy.h">
      <Filter>头文件</Filter>
    </ClInclude>
    <ClInclude Include="..\..\server\codes\world\inc\Entity.h">
      <Filter>头文件</Filter>
    </ClInclude>
    <ClInclude Include="..\..\server\codes\world\inc\GridGraphics.h">
      <Filter>头文件</Filter>
    </ClInclude>
    <ClInclude Include="..\..\server\codes\world\inc\GUID.h">
      <Filter>头文件</Filter>
    </ClInclude>
    <ClInclude Include="..\..\server\codes\world\inc\LinkContext.h">
      <Filter>头文件</Filter>
    </ClInclude>
    <ClInclude Include="..\..\server\codes\world\inc\LuaArray.h">
      <Filter>头文件</Filter>
    </ClInclude>
    <ClInclude Include="..\..\server\codes\world\inc\LuaEngine.h">
      <Filter>头文件</Filter>
    </ClInclude>
    <ClInclude Include="..\..\server\codes\world\inc\LuaFunctor.h">
      <Filter>头文件</Filter>
    </ClInclude>
    <ClInclude Include="..\..\server\codes\world\inc\MapInfo.h">
      <Filter>头文件</Filter>
    </ClInclude>
    <ClInclude Include="..\..\server\codes\world\inc\MapManager.h">
      <Filter>头文件</Filter>
    </ClInclude>
    <ClInclude Include="..\..\server\codes\world\inc\MoveManager.h">
      <Filter>头文件</Filter>
    </ClInclude>
    <ClInclude Include="..\..\server\codes\world\inc\PathFinder.h">
      <Filter>头文件</Filter>
    </ClInclude>
    <ClInclude Include="..\..\server\codes\world\inc\PropertySet.h">
      <Filter>头文件</Filter>
    </ClInclude>
    <ClInclude Include="..\..\server\codes\world\inc\PropertyUtils.h">
      <Filter>头文件</Filter>
    </ClInclude>
    <ClInclude Include="..\..\server\codes\world\inc\RPCEngine.h">
      <Filter>头文件</Filter>
    </ClInclude>
    <ClInclude Include="..\..\server\codes\world\inc\Scene.h">
      <Filter>头文件</Filter>
    </ClInclude>
    <ClInclude Include="..\..\server\codes\world\inc\SceneCoord.h">
      <Filter>头文件</Filter>
    </ClInclude>
    <ClInclude Include="..\..\server\codes\world\inc\ScriptTimer.h">
      <Filter>头文件</Filter>
    </ClInclude>
    <ClInclude Include="..\..\server\codes\world\inc\UnitConfig.h">
      <Filter>头文件</Filter>
    </ClInclude>
    <ClInclude Include="..\..\server\codes\world\inc\Variant.h">
      <Filter>头文件</Filter>
    </ClInclude>
    <ClInclude Include="..\..\server\codes\world\inc\world.h">
      <Filter>头文件</Filter>
    </ClInclude>
  </ItemGroup>
  <ItemGroup>
    <ClCompile Include="..\..\server\codes\world\src\api4lua.pkg.cpp">
      <Filter>源文件</Filter>
    </ClCompile>
    <ClCompile Include="..\..\server\codes\world\src\DataChunk.cpp">
      <Filter>源文件</Filter>
    </ClCompile>
    <ClCompile Include="..\..\server\codes\world\src\dbProxy.cpp">
      <Filter>源文件</Filter>
    </ClCompile>
    <ClCompile Include="..\..\server\codes\world\src\Entity.cpp">
      <Filter>源文件</Filter>
    </ClCompile>
    <ClCompile Include="..\..\server\codes\world\src\EntityImpl_Move.cpp">
      <Filter>源文件</Filter>
    </ClCompile>
    <ClCompile Include="..\..\server\codes\world\src\GridGraphics.cpp">
      <Filter>源文件</Filter>
    </ClCompile>
    <ClCompile Include="..\..\server\codes\world\src\GUID.cpp">
      <Filter>源文件</Filter>
    </ClCompile>
    <ClCompile Include="..\..\server\codes\world\src\luaiconv.cpp">
      <Filter>源文件</Filter>
    </ClCompile>
    <ClCompile Include="..\..\server\codes\world\src\luaprofile.cpp">
      <Filter>源文件</Filter>
    </ClCompile>
    <ClCompile Include="..\..\server\codes\world\src\main.cpp">
      <Filter>源文件</Filter>
    </ClCompile>
    <ClCompile Include="..\..\server\codes\world\src\MapInfo.cpp">
      <Filter>源文件</Filter>
    </ClCompile>
    <ClCompile Include="..\..\server\codes\world\src\MapManager.cpp">
      <Filter>源文件</Filter>
    </ClCompile>
    <ClCompile Include="..\..\server\codes\world\src\MoveManager.cpp">
      <Filter>源文件</Filter>
    </ClCompile>
    <ClCompile Include="..\..\server\codes\world\src\PropertyUtils.cpp">
      <Filter>源文件</Filter>
    </ClCompile>
    <ClCompile Include="..\..\server\codes\world\src\RPCEngine.cpp">
      <Filter>源文件</Filter>
    </ClCompile>
    <ClCompile Include="..\..\server\codes\world\src\Scene.cpp">
      <Filter>源文件</Filter>
    </ClCompile>
    <ClCompile Include="..\..\server\codes\world\src\SceneCoord.cpp">
      <Filter>源文件</Filter>
    </ClCompile>
    <ClCompile Include="..\..\server\codes\world\src\ScriptTimer.cpp">
      <Filter>源文件</Filter>
    </ClCompile>
    <ClCompile Include="..\..\server\codes\world\src\UnitConfig.cpp">
      <Filter>源文件</Filter>
    </ClCompile>
    <ClCompile Include="..\..\server\codes\world\src\world.cpp">
      <Filter>源文件</Filter>
    </ClCompile>
  </ItemGroup>
</Project>