<?xml version="1.0" encoding="utf-8"?>
<Project ToolsVersion="4.0" xmlns="http://schemas.microsoft.com/developer/msbuild/2003">
  <ItemGroup>
    <Filter Include="源文件">
      <UniqueIdentifier>{4FC737F1-C7A5-4376-A066-2A32D752A2FF}</UniqueIdentifier>
      <Extensions>cpp;c;cc;cxx;def;odl;idl;hpj;bat;asm;asmx</Extensions>
    </Filter>
    <Filter Include="头文件">
      <UniqueIdentifier>{93995380-89BD-4b04-88EB-625FBE52EBFB}</UniqueIdentifier>
      <Extensions>h;hh;hpp;hxx;hm;inl;inc;xsd</Extensions>
    </Filter>
  </ItemGroup>
  <ItemGroup>
    <ClInclude Include="..\..\server\codes\dbx\inc\DBFactory.h">
      <Filter>头文件</Filter>
    </ClInclude>
    <ClInclude Include="..\..\server\codes\dbx\inc\DBInterface.h">
      <Filter>头文件</Filter>
    </ClInclude>
    <ClInclude Include="..\..\server\codes\dbx\inc\DBInterfaceMysql.h">
      <Filter>头文件</Filter>
    </ClInclude>
    <ClInclude Include="..\..\server\codes\dbx\inc\DBIssue.h">
      <Filter>头文件</Filter>
    </ClInclude>
    <ClInclude Include="..\..\server\codes\dbx\inc\DBManager.h">
      <Filter>头文件</Filter>
    </ClInclude>
    <ClInclude Include="..\..\server\codes\dbx\inc\DBTask.h">
      <Filter>头文件</Filter>
    </ClInclude>
    <ClInclude Include="..\..\server\codes\dbx\inc\DBTaskPool.h">
      <Filter>头文件</Filter>
    </ClInclude>
    <ClInclude Include="..\..\server\codes\dbx\inc\DBTest.h">
      <Filter>头文件</Filter>
    </ClInclude>
    <ClInclude Include="..\..\server\codes\dbx\inc\DBXCommon.h">
      <Filter>头文件</Filter>
    </ClInclude>
    <ClInclude Include="..\..\server\codes\dbx\inc\DBXConfig.h">
      <Filter>头文件</Filter>
    </ClInclude>
    <ClInclude Include="..\..\server\codes\dbx\inc\DBXContextDefine.h">
      <Filter>头文件</Filter>
    </ClInclude>
    <ClInclude Include="..\..\server\codes\dbx\inc\DBXMessageTranslate.h">
      <Filter>头文件</Filter>
    </ClInclude>
    <ClInclude Include="..\..\server\codes\dbx\inc\NetworkInterface.h">
      <Filter>头文件</Filter>
    </ClInclude>
    <ClInclude Include="..\..\server\codes\dbx\inc\Singleton.h">
      <Filter>头文件</Filter>
    </ClInclude>
    <ClInclude Include="..\..\server\codes\dbx\inc\SwapList.h">
      <Filter>头文件</Filter>
    </ClInclude>
  </ItemGroup>
  <ItemGroup>
    <ClCompile Include="..\..\server\codes\dbx\src\DBFactory.cpp">
      <Filter>源文件</Filter>
    </ClCompile>
    <ClCompile Include="..\..\server\codes\dbx\src\DBInterfaceMysql.cpp">
      <Filter>源文件</Filter>
    </ClCompile>
    <ClCompile Include="..\..\server\codes\dbx\src\DBIssue.cpp">
      <Filter>源文件</Filter>
    </ClCompile>
    <ClCompile Include="..\..\server\codes\dbx\src\DBManager.cpp">
      <Filter>源文件</Filter>
    </ClCompile>
    <ClCompile Include="..\..\server\codes\dbx\src\DBTask.cpp">
      <Filter>源文件</Filter>
    </ClCompile>
    <ClCompile Include="..\..\server\codes\dbx\src\DBTaskPool.cpp">
      <Filter>源文件</Filter>
    </ClCompile>
    <ClCompile Include="..\..\server\codes\dbx\src\DBXCommon.cpp">
      <Filter>源文件</Filter>
    </ClCompile>
    <ClCompile Include="..\..\server\codes\dbx\src\DBXConfig.cpp">
      <Filter>源文件</Filter>
    </ClCompile>
    <ClCompile Include="..\..\server\codes\dbx\src\DBXMessageTranslate.cpp">
      <Filter>源文件</Filter>
    </ClCompile>
    <ClCompile Include="..\..\server\codes\dbx\src\main.cpp">
      <Filter>源文件</Filter>
    </ClCompile>
    <ClCompile Include="..\..\server\codes\dbx\src\NetworkInterface.cpp">
      <Filter>源文件</Filter>
    </ClCompile>
  </ItemGroup>
</Project>